// !$*UTF8*$!
{
	archiveVersion = 1;
	classes = {
	};
	objectVersion = 77;
	objects = {

/* Begin PBXBuildFile section */
		407EB1142EEEDC8D00625A22 /* GoogleMobileAds in Frameworks */ = {isa = PBXBuildFile; productRef = 407EB1132EEEDC8D00625A22 /* GoogleMobileAds */; };
		4097EBA02EEDC4B500E9A0D9 /* UAParserSwift in Frameworks */ = {isa = PBXBuildFile; productRef = 4097EB262EEDC3C000E9A0D9 /* UAParserSwift */; };
		4097EBA32EEDC4B600E9A0D9 /* SwiftSoup in Frameworks */ = {isa = PBXBuildFile; productRef = 4097EBA22EEDC4B600E9A0D9 /* SwiftSoup */; };
		4097F5642EEEB96E00E9A0D9 /* Runestone in Frameworks */ = {isa = PBXBuildFile; productRef = 40A1B0032F0E000000000003 /* Runestone */; };
		4097F5652EEEB96E00E9A0D9 /* TreeSitterHTMLRunestone in Frameworks */ = {isa = PBXBuildFile; productRef = 40A1B0042F0E000000000004 /* TreeSitterHTMLRunestone */; };
		40BACKPORT12F14000000001 /* SwiftUIBackports in Frameworks */ = {isa = PBXBuildFile; productRef = 40BACKPORT12F14000000002 /* SwiftUIBackports */; };
/* End PBXBuildFile section */

/* Begin PBXContainerItemProxy section */
		4097EB142EEDBAFA00E9A0D9 /* PBXContainerItemProxy */ = {
			isa = PBXContainerItemProxy;
			containerPortal = 406E0D432EE4093D00D6F9C6 /* Project object */;
			proxyType = 1;
			remoteGlobalIDString = 406E0D4A2EE4093D00D6F9C6;
			remoteInfo = wina;
		};
/* End PBXContainerItemProxy section */

/* Begin PBXFileReference section */
		406E0D4B2EE4093D00D6F9C6 /* wina.app */ = {isa = PBXFileReference; explicitFileType = wrapper.application; includeInIndex = 0; path = wina.app; sourceTree = BUILT_PRODUCTS_DIR; };
		4097EB102EEDBAFA00E9A0D9 /* winaTests.xctest */ = {isa = PBXFileReference; explicitFileType = wrapper.cfbundle; includeInIndex = 0; path = winaTests.xctest; sourceTree = BUILT_PRODUCTS_DIR; };
/* End PBXFileReference section */

/* Begin PBXFileSystemSynchronizedBuildFileExceptionSet section */
		40D404792EF5607D00994ADE /* Exceptions for "wina" folder in "winaTests" target */ = {
			isa = PBXFileSystemSynchronizedBuildFileExceptionSet;
			membershipExceptions = (
				Resources/Scripts/axe.min.js,
				Resources/Scripts/eruda.min.js,
			);
			target = 4097EB0F2EEDBAFA00E9A0D9 /* winaTests */;
		};
/* End PBXFileSystemSynchronizedBuildFileExceptionSet section */

/* Begin PBXFileSystemSynchronizedRootGroup section */
		406E0D4D2EE4093D00D6F9C6 /* wina */ = {
			isa = PBXFileSystemSynchronizedRootGroup;
			exceptions = (
				40D404792EF5607D00994ADE /* Exceptions for "wina" folder in "winaTests" target */,
			);
			path = wina;
			sourceTree = "<group>";
		};
		4097EB112EEDBAFA00E9A0D9 /* winaTests */ = {
			isa = PBXFileSystemSynchronizedRootGroup;
			path = winaTests;
			sourceTree = "<group>";
		};
/* End PBXFileSystemSynchronizedRootGroup section */

/* Begin PBXFrameworksBuildPhase section */
		406E0D482EE4093D00D6F9C6 /* Frameworks */ = {
			isa = PBXFrameworksBuildPhase;
			buildActionMask = 2147483647;
			files = (
				4097F5652EEEB96E00E9A0D9 /* TreeSitterHTMLRunestone in Frameworks */,
				4097F5642EEEB96E00E9A0D9 /* Runestone in Frameworks */,
				407EB1142EEEDC8D00625A22 /* GoogleMobileAds in Frameworks */,
				4097EBA02EEDC4B500E9A0D9 /* UAParserSwift in Frameworks */,
				4097EBA32EEDC4B600E9A0D9 /* SwiftSoup in Frameworks */,
				40BACKPORT12F14000000001 /* SwiftUIBackports in Frameworks */,
			);
			runOnlyForDeploymentPostprocessing = 0;
		};
		4097EB0D2EEDBAFA00E9A0D9 /* Frameworks */ = {
			isa = PBXFrameworksBuildPhase;
			buildActionMask = 2147483647;
			files = (
			);
			runOnlyForDeploymentPostprocessing = 0;
		};
/* End PBXFrameworksBuildPhase section */

/* Begin PBXGroup section */
		406E0D422EE4093D00D6F9C6 = {
			isa = PBXGroup;
			children = (
				406E0D4D2EE4093D00D6F9C6 /* wina */,
				4097EB112EEDBAFA00E9A0D9 /* winaTests */,
				407EB1122EEEDC8800625A22 /* Frameworks */,
				406E0D4C2EE4093D00D6F9C6 /* Products */,
			);
			sourceTree = "<group>";
		};
		406E0D4C2EE4093D00D6F9C6 /* Products */ = {
			isa = PBXGroup;
			children = (
				406E0D4B2EE4093D00D6F9C6 /* wina.app */,
				4097EB102EEDBAFA00E9A0D9 /* winaTests.xctest */,
			);
			name = Products;
			sourceTree = "<group>";
		};
		407EB1122EEEDC8800625A22 /* Frameworks */ = {
			isa = PBXGroup;
			children = (
			);
			name = Frameworks;
			sourceTree = "<group>";
		};
/* End PBXGroup section */

/* Begin PBXNativeTarget section */
		406E0D4A2EE4093D00D6F9C6 /* wina */ = {
			isa = PBXNativeTarget;
			buildConfigurationList = 406E0D562EE4093E00D6F9C6 /* Build configuration list for PBXNativeTarget "wina" */;
			buildPhases = (
				406E0D472EE4093D00D6F9C6 /* Sources */,
				406E0D482EE4093D00D6F9C6 /* Frameworks */,
				406E0D492EE4093D00D6F9C6 /* Resources */,
			);
			buildRules = (
			);
			dependencies = (
			);
			fileSystemSynchronizedGroups = (
				406E0D4D2EE4093D00D6F9C6 /* wina */,
			);
			name = wina;
			packageProductDependencies = (
				4097EB262EEDC3C000E9A0D9 /* UAParserSwift */,
				4097EBA22EEDC4B600E9A0D9 /* SwiftSoup */,
				40A1B0032F0E000000000003 /* Runestone */,
				40A1B0042F0E000000000004 /* TreeSitterHTMLRunestone */,
				407EB1132EEEDC8D00625A22 /* GoogleMobileAds */,
				40BACKPORT12F14000000002 /* SwiftUIBackports */,
			);
			productName = wina;
			productReference = 406E0D4B2EE4093D00D6F9C6 /* wina.app */;
			productType = "com.apple.product-type.application";
		};
		4097EB0F2EEDBAFA00E9A0D9 /* winaTests */ = {
			isa = PBXNativeTarget;
			buildConfigurationList = 4097EB162EEDBAFA00E9A0D9 /* Build configuration list for PBXNativeTarget "winaTests" */;
			buildPhases = (
				4097EB0C2EEDBAFA00E9A0D9 /* Sources */,
				4097EB0D2EEDBAFA00E9A0D9 /* Frameworks */,
				4097EB0E2EEDBAFA00E9A0D9 /* Resources */,
			);
			buildRules = (
			);
			dependencies = (
				4097EB152EEDBAFA00E9A0D9 /* PBXTargetDependency */,
			);
			fileSystemSynchronizedGroups = (
				4097EB112EEDBAFA00E9A0D9 /* winaTests */,
			);
			name = winaTests;
			packageProductDependencies = (
			);
			productName = winaTests;
			productReference = 4097EB102EEDBAFA00E9A0D9 /* winaTests.xctest */;
			productType = "com.apple.product-type.bundle.unit-test";
		};
/* End PBXNativeTarget section */

/* Begin PBXProject section */
		406E0D432EE4093D00D6F9C6 /* Project object */ = {
			isa = PBXProject;
			attributes = {
				BuildIndependentTargetsInParallel = 1;
				LastSwiftUpdateCheck = 2610;
				LastUpgradeCheck = 2620;
				TargetAttributes = {
					406E0D4A2EE4093D00D6F9C6 = {
						CreatedOnToolsVersion = 26.1.1;
					};
					4097EB0F2EEDBAFA00E9A0D9 = {
						CreatedOnToolsVersion = 26.1.1;
						TestTargetID = 406E0D4A2EE4093D00D6F9C6;
					};
				};
			};
			buildConfigurationList = 406E0D462EE4093D00D6F9C6 /* Build configuration list for PBXProject "wina" */;
			developmentRegion = en;
			hasScannedForEncodings = 0;
			knownRegions = (
				en,
				ko,
				ja,
				"zh-Hans",
				"zh-Hant",
				es,
				fr,
				de,
				"pt-BR",
				"pt-PT",
				it,
				ru,
				ar,
				th,
				vi,
				id,
				ms,
				nl,
				pl,
				tr,
				uk,
				cs,
				da,
				fi,
				el,
				he,
				hi,
				hu,
				no,
				ro,
				sk,
				sv,
				ca,
				hr,
				Base,
			);
			mainGroup = 406E0D422EE4093D00D6F9C6;
			minimizedProjectReferenceProxies = 1;
			packageReferences = (
				4097EB252EEDC3C000E9A0D9 /* XCRemoteSwiftPackageReference "UAParserSwift" */,
				4097EBA12EEDC4B600E9A0D9 /* XCRemoteSwiftPackageReference "SwiftSoup" */,
				40A1B0012F0E000000000001 /* XCRemoteSwiftPackageReference "Runestone" */,
				40A1B0022F0E000000000002 /* XCRemoteSwiftPackageReference "TreeSitterLanguages" */,
				4097F6F42EEEDB3600E9A0D9 /* XCRemoteSwiftPackageReference "swift-package-manager-google-mobile-ads" */,
				40BACKPORT12F14000000003 /* XCRemoteSwiftPackageReference "iOS-Backports" */,
			);
			preferredProjectObjectVersion = 77;
			productRefGroup = 406E0D4C2EE4093D00D6F9C6 /* Products */;
			projectDirPath = "";
			projectRoot = "";
			targets = (
				406E0D4A2EE4093D00D6F9C6 /* wina */,
				4097EB0F2EEDBAFA00E9A0D9 /* winaTests */,
			);
		};
/* End PBXProject section */

/* Begin PBXResourcesBuildPhase section */
		406E0D492EE4093D00D6F9C6 /* Resources */ = {
			isa = PBXResourcesBuildPhase;
			buildActionMask = 2147483647;
			files = (
			);
			runOnlyForDeploymentPostprocessing = 0;
		};
		4097EB0E2EEDBAFA00E9A0D9 /* Resources */ = {
			isa = PBXResourcesBuildPhase;
			buildActionMask = 2147483647;
			files = (
			);
			runOnlyForDeploymentPostprocessing = 0;
		};
/* End PBXResourcesBuildPhase section */

/* Begin PBXSourcesBuildPhase section */
		406E0D472EE4093D00D6F9C6 /* Sources */ = {
			isa = PBXSourcesBuildPhase;
			buildActionMask = 2147483647;
			files = (
			);
			runOnlyForDeploymentPostprocessing = 0;
		};
		4097EB0C2EEDBAFA00E9A0D9 /* Sources */ = {
			isa = PBXSourcesBuildPhase;
			buildActionMask = 2147483647;
			files = (
			);
			runOnlyForDeploymentPostprocessing = 0;
		};
/* End PBXSourcesBuildPhase section */

/* Begin PBXTargetDependency section */
		4097EB152EEDBAFA00E9A0D9 /* PBXTargetDependency */ = {
			isa = PBXTargetDependency;
			target = 406E0D4A2EE4093D00D6F9C6 /* wina */;
			targetProxy = 4097EB142EEDBAFA00E9A0D9 /* PBXContainerItemProxy */;
		};
/* End PBXTargetDependency section */

/* Begin XCBuildConfiguration section */
		406E0D542EE4093E00D6F9C6 /* Debug */ = {
			isa = XCBuildConfiguration;
			buildSettings = {
				ALWAYS_SEARCH_USER_PATHS = NO;
				ASSETCATALOG_COMPILER_GENERATE_SWIFT_ASSET_SYMBOL_EXTENSIONS = YES;
				CLANG_ANALYZER_NONNULL = YES;
				CLANG_ANALYZER_NUMBER_OBJECT_CONVERSION = YES_AGGRESSIVE;
				CLANG_CXX_LANGUAGE_STANDARD = "gnu++20";
				CLANG_ENABLE_MODULES = YES;
				CLANG_ENABLE_OBJC_ARC = YES;
				CLANG_ENABLE_OBJC_WEAK = YES;
				CLANG_WARN_BLOCK_CAPTURE_AUTORELEASING = YES;
				CLANG_WARN_BOOL_CONVERSION = YES;
				CLANG_WARN_COMMA = YES;
				CLANG_WARN_CONSTANT_CONVERSION = YES;
				CLANG_WARN_DEPRECATED_OBJC_IMPLEMENTATIONS = YES;
				CLANG_WARN_DIRECT_OBJC_ISA_USAGE = YES_ERROR;
				CLANG_WARN_DOCUMENTATION_COMMENTS = YES;
				CLANG_WARN_EMPTY_BODY = YES;
				CLANG_WARN_ENUM_CONVERSION = YES;
				CLANG_WARN_INFINITE_RECURSION = YES;
				CLANG_WARN_INT_CONVERSION = YES;
				CLANG_WARN_NON_LITERAL_NULL_CONVERSION = YES;
				CLANG_WARN_OBJC_IMPLICIT_RETAIN_SELF = YES;
				CLANG_WARN_OBJC_LITERAL_CONVERSION = YES;
				CLANG_WARN_OBJC_ROOT_CLASS = YES_ERROR;
				CLANG_WARN_QUOTED_INCLUDE_IN_FRAMEWORK_HEADER = YES;
				CLANG_WARN_RANGE_LOOP_ANALYSIS = YES;
				CLANG_WARN_STRICT_PROTOTYPES = YES;
				CLANG_WARN_SUSPICIOUS_MOVE = YES;
				CLANG_WARN_UNGUARDED_AVAILABILITY = YES_AGGRESSIVE;
				CLANG_WARN_UNREACHABLE_CODE = YES;
				CLANG_WARN__DUPLICATE_METHOD_MATCH = YES;
				COPY_PHASE_STRIP = NO;
				DEBUG_INFORMATION_FORMAT = dwarf;
				DEVELOPMENT_TEAM = X6M5USK89L;
				ENABLE_STRICT_OBJC_MSGSEND = YES;
				ENABLE_TESTABILITY = YES;
				ENABLE_USER_SCRIPT_SANDBOXING = YES;
				GCC_C_LANGUAGE_STANDARD = gnu17;
				GCC_DYNAMIC_NO_PIC = NO;
				GCC_NO_COMMON_BLOCKS = YES;
				GCC_OPTIMIZATION_LEVEL = 0;
				GCC_PREPROCESSOR_DEFINITIONS = (
					"DEBUG=1",
					"$(inherited)",
				);
				GCC_WARN_64_TO_32_BIT_CONVERSION = YES;
				GCC_WARN_ABOUT_RETURN_TYPE = YES_ERROR;
				GCC_WARN_UNDECLARED_SELECTOR = YES;
				GCC_WARN_UNINITIALIZED_AUTOS = YES_AGGRESSIVE;
				GCC_WARN_UNUSED_FUNCTION = YES;
				GCC_WARN_UNUSED_VARIABLE = YES;
				IPHONEOS_DEPLOYMENT_TARGET = 18.4;
				LOCALIZATION_PREFERS_STRING_CATALOGS = YES;
				MTL_ENABLE_DEBUG_INFO = INCLUDE_SOURCE;
				MTL_FAST_MATH = YES;
				ONLY_ACTIVE_ARCH = YES;
				SDKROOT = iphoneos;
				STRING_CATALOG_GENERATE_SYMBOLS = YES;
				SWIFT_ACTIVE_COMPILATION_CONDITIONS = "DEBUG $(inherited)";
				SWIFT_OPTIMIZATION_LEVEL = "-Onone";
			};
			name = Debug;
		};
		406E0D552EE4093E00D6F9C6 /* Release */ = {
			isa = XCBuildConfiguration;
			buildSettings = {
				ALWAYS_SEARCH_USER_PATHS = NO;
				ASSETCATALOG_COMPILER_GENERATE_SWIFT_ASSET_SYMBOL_EXTENSIONS = YES;
				CLANG_ANALYZER_NONNULL = YES;
				CLANG_ANALYZER_NUMBER_OBJECT_CONVERSION = YES_AGGRESSIVE;
				CLANG_CXX_LANGUAGE_STANDARD = "gnu++20";
				CLANG_ENABLE_MODULES = YES;
				CLANG_ENABLE_OBJC_ARC = YES;
				CLANG_ENABLE_OBJC_WEAK = YES;
				CLANG_WARN_BLOCK_CAPTURE_AUTORELEASING = YES;
				CLANG_WARN_BOOL_CONVERSION = YES;
				CLANG_WARN_COMMA = YES;
				CLANG_WARN_CONSTANT_CONVERSION = YES;
				CLANG_WARN_DEPRECATED_OBJC_IMPLEMENTATIONS = YES;
				CLANG_WARN_DIRECT_OBJC_ISA_USAGE = YES_ERROR;
				CLANG_WARN_DOCUMENTATION_COMMENTS = YES;
				CLANG_WARN_EMPTY_BODY = YES;
				CLANG_WARN_ENUM_CONVERSION = YES;
				CLANG_WARN_INFINITE_RECURSION = YES;
				CLANG_WARN_INT_CONVERSION = YES;
				CLANG_WARN_NON_LITERAL_NULL_CONVERSION = YES;
				CLANG_WARN_OBJC_IMPLICIT_RETAIN_SELF = YES;
				CLANG_WARN_OBJC_LITERAL_CONVERSION = YES;
				CLANG_WARN_OBJC_ROOT_CLASS = YES_ERROR;
				CLANG_WARN_QUOTED_INCLUDE_IN_FRAMEWORK_HEADER = YES;
				CLANG_WARN_RANGE_LOOP_ANALYSIS = YES;
				CLANG_WARN_STRICT_PROTOTYPES = YES;
				CLANG_WARN_SUSPICIOUS_MOVE = YES;
				CLANG_WARN_UNGUARDED_AVAILABILITY = YES_AGGRESSIVE;
				CLANG_WARN_UNREACHABLE_CODE = YES;
				CLANG_WARN__DUPLICATE_METHOD_MATCH = YES;
				COPY_PHASE_STRIP = NO;
				DEBUG_INFORMATION_FORMAT = "dwarf-with-dsym";
				DEVELOPMENT_TEAM = X6M5USK89L;
				ENABLE_NS_ASSERTIONS = NO;
				ENABLE_STRICT_OBJC_MSGSEND = YES;
				ENABLE_USER_SCRIPT_SANDBOXING = YES;
				GCC_C_LANGUAGE_STANDARD = gnu17;
				GCC_NO_COMMON_BLOCKS = YES;
				GCC_WARN_64_TO_32_BIT_CONVERSION = YES;
				GCC_WARN_ABOUT_RETURN_TYPE = YES_ERROR;
				GCC_WARN_UNDECLARED_SELECTOR = YES;
				GCC_WARN_UNINITIALIZED_AUTOS = YES_AGGRESSIVE;
				GCC_WARN_UNUSED_FUNCTION = YES;
				GCC_WARN_UNUSED_VARIABLE = YES;
				IPHONEOS_DEPLOYMENT_TARGET = 18.4;
				LOCALIZATION_PREFERS_STRING_CATALOGS = YES;
				MTL_ENABLE_DEBUG_INFO = NO;
				MTL_FAST_MATH = YES;
				SDKROOT = iphoneos;
				STRING_CATALOG_GENERATE_SYMBOLS = YES;
				SWIFT_COMPILATION_MODE = wholemodule;
				VALIDATE_PRODUCT = YES;
			};
			name = Release;
		};
		406E0D572EE4093E00D6F9C6 /* Debug */ = {
			isa = XCBuildConfiguration;
			buildSettings = {
				ASSETCATALOG_COMPILER_APPICON_NAME = AppIcon;
				ASSETCATALOG_COMPILER_GLOBAL_ACCENT_COLOR_NAME = AccentColor;
				CODE_SIGN_STYLE = Automatic;
				CURRENT_PROJECT_VERSION = 29;
				DEVELOPMENT_TEAM = X6M5USK89L;
				ENABLE_PREVIEWS = YES;
				GENERATE_INFOPLIST_FILE = YES;
				INFOPLIST_FILE = Info.plist;
				INFOPLIST_KEY_CFBundleDisplayName = Walnut;
				INFOPLIST_KEY_UIApplicationSceneManifest_Generation = YES;
				INFOPLIST_KEY_UIApplicationSupportsIndirectInputEvents = YES;
				INFOPLIST_KEY_UILaunchStoryboardName = LaunchScreen;
				INFOPLIST_KEY_UISupportedInterfaceOrientations_iPad = "UIInterfaceOrientationPortrait UIInterfaceOrientationPortraitUpsideDown UIInterfaceOrientationLandscapeLeft UIInterfaceOrientationLandscapeRight";
				INFOPLIST_KEY_UISupportedInterfaceOrientations_iPhone = "UIInterfaceOrientationPortrait UIInterfaceOrientationLandscapeLeft UIInterfaceOrientationLandscapeRight";
				ITSAppUsesNonExemptEncryption = NO;
				LD_RUNPATH_SEARCH_PATHS = (
					"$(inherited)",
					"@executable_path/Frameworks",
				);
				MARKETING_VERSION = 1.7.1;
				PRODUCT_BUNDLE_IDENTIFIER = com.kobbokkom.wina;
				PRODUCT_NAME = "$(TARGET_NAME)";
				STRING_CATALOG_GENERATE_SYMBOLS = YES;
				SWIFT_APPROACHABLE_CONCURRENCY = YES;
				SWIFT_DEFAULT_ACTOR_ISOLATION = MainActor;
				SWIFT_EMIT_LOC_STRINGS = YES;
				SWIFT_UPCOMING_FEATURE_MEMBER_IMPORT_VISIBILITY = YES;
				SWIFT_VERSION = 5.0;
				TARGETED_DEVICE_FAMILY = "1,2";
			};
			name = Debug;
		};
		406E0D582EE4093E00D6F9C6 /* Release */ = {
			isa = XCBuildConfiguration;
			buildSettings = {
				ASSETCATALOG_COMPILER_APPICON_NAME = AppIcon;
				ASSETCATALOG_COMPILER_GLOBAL_ACCENT_COLOR_NAME = AccentColor;
				CODE_SIGN_STYLE = Automatic;
				CURRENT_PROJECT_VERSION = 29;
				DEVELOPMENT_TEAM = X6M5USK89L;
				ENABLE_PREVIEWS = YES;
				GENERATE_INFOPLIST_FILE = YES;
				INFOPLIST_FILE = Info.plist;
				INFOPLIST_KEY_CFBundleDisplayName = Walnut;
				INFOPLIST_KEY_UIApplicationSceneManifest_Generation = YES;
				INFOPLIST_KEY_UIApplicationSupportsIndirectInputEvents = YES;
				INFOPLIST_KEY_UILaunchStoryboardName = LaunchScreen;
				INFOPLIST_KEY_UISupportedInterfaceOrientations_iPad = "UIInterfaceOrientationPortrait UIInterfaceOrientationPortraitUpsideDown UIInterfaceOrientationLandscapeLeft UIInterfaceOrientationLandscapeRight";
				INFOPLIST_KEY_UISupportedInterfaceOrientations_iPhone = "UIInterfaceOrientationPortrait UIInterfaceOrientationLandscapeLeft UIInterfaceOrientationLandscapeRight";
				ITSAppUsesNonExemptEncryption = NO;
				LD_RUNPATH_SEARCH_PATHS = (
					"$(inherited)",
					"@executable_path/Frameworks",
				);
				MARKETING_VERSION = 1.7.1;
				PRODUCT_BUNDLE_IDENTIFIER = com.kobbokkom.wina;
				PRODUCT_NAME = "$(TARGET_NAME)";
				STRING_CATALOG_GENERATE_SYMBOLS = YES;
				SWIFT_APPROACHABLE_CONCURRENCY = YES;
				SWIFT_DEFAULT_ACTOR_ISOLATION = MainActor;
				SWIFT_EMIT_LOC_STRINGS = YES;
				SWIFT_UPCOMING_FEATURE_MEMBER_IMPORT_VISIBILITY = YES;
				SWIFT_VERSION = 5.0;
				TARGETED_DEVICE_FAMILY = "1,2";
			};
			name = Release;
		};
		4097EB172EEDBAFA00E9A0D9 /* Debug */ = {
			isa = XCBuildConfiguration;
			buildSettings = {
				BUNDLE_LOADER = "$(TEST_HOST)";
				CODE_SIGN_STYLE = Automatic;
				CURRENT_PROJECT_VERSION = 29;
				DEVELOPMENT_TEAM = X6M5USK89L;
				GENERATE_INFOPLIST_FILE = YES;
				MARKETING_VERSION = 1.7.1;
				PRODUCT_BUNDLE_IDENTIFIER = com.kobbokkom.winaTests;
				PRODUCT_NAME = "$(TARGET_NAME)";
				STRING_CATALOG_GENERATE_SYMBOLS = NO;
				SWIFT_APPROACHABLE_CONCURRENCY = YES;
				SWIFT_EMIT_LOC_STRINGS = NO;
				SWIFT_UPCOMING_FEATURE_MEMBER_IMPORT_VISIBILITY = YES;
				SWIFT_VERSION = 5.0;
				TARGETED_DEVICE_FAMILY = "1,2";
				TEST_HOST = "$(BUILT_PRODUCTS_DIR)/wina.app/$(BUNDLE_EXECUTABLE_FOLDER_PATH)/wina";
			};
			name = Debug;
		};
		4097EB182EEDBAFA00E9A0D9 /* Release */ = {
			isa = XCBuildConfiguration;
			buildSettings = {
				BUNDLE_LOADER = "$(TEST_HOST)";
				CODE_SIGN_STYLE = Automatic;
				CURRENT_PROJECT_VERSION = 29;
				DEVELOPMENT_TEAM = X6M5USK89L;
				GENERATE_INFOPLIST_FILE = YES;
				MARKETING_VERSION = 1.7.1;
				PRODUCT_BUNDLE_IDENTIFIER = com.kobbokkom.winaTests;
				PRODUCT_NAME = "$(TARGET_NAME)";
				STRING_CATALOG_GENERATE_SYMBOLS = NO;
				SWIFT_APPROACHABLE_CONCURRENCY = YES;
				SWIFT_EMIT_LOC_STRINGS = NO;
				SWIFT_UPCOMING_FEATURE_MEMBER_IMPORT_VISIBILITY = YES;
				SWIFT_VERSION = 5.0;
				TARGETED_DEVICE_FAMILY = "1,2";
				TEST_HOST = "$(BUILT_PRODUCTS_DIR)/wina.app/$(BUNDLE_EXECUTABLE_FOLDER_PATH)/wina";
			};
			name = Release;
		};
/* End XCBuildConfiguration section */

/* Begin XCConfigurationList section */
		406E0D462EE4093D00D6F9C6 /* Build configuration list for PBXProject "wina" */ = {
			isa = XCConfigurationList;
			buildConfigurations = (
				406E0D542EE4093E00D6F9C6 /* Debug */,
				406E0D552EE4093E00D6F9C6 /* Release */,
			);
			defaultConfigurationIsVisible = 0;
			defaultConfigurationName = Release;
		};
		406E0D562EE4093E00D6F9C6 /* Build configuration list for PBXNativeTarget "wina" */ = {
			isa = XCConfigurationList;
			buildConfigurations = (
				406E0D572EE4093E00D6F9C6 /* Debug */,
				406E0D582EE4093E00D6F9C6 /* Release */,
			);
			defaultConfigurationIsVisible = 0;
			defaultConfigurationName = Release;
		};
		4097EB162EEDBAFA00E9A0D9 /* Build configuration list for PBXNativeTarget "winaTests" */ = {
			isa = XCConfigurationList;
			buildConfigurations = (
				4097EB172EEDBAFA00E9A0D9 /* Debug */,
				4097EB182EEDBAFA00E9A0D9 /* Release */,
			);
			defaultConfigurationIsVisible = 0;
			defaultConfigurationName = Release;
		};
/* End XCConfigurationList section */

/* Begin XCRemoteSwiftPackageReference section */
		4097EB252EEDC3C000E9A0D9 /* XCRemoteSwiftPackageReference "UAParserSwift" */ = {
			isa = XCRemoteSwiftPackageReference;
			repositoryURL = "https://github.com/malcommac/UAParserSwift.git";
			requirement = {
				kind = upToNextMajorVersion;
				minimumVersion = 1.2.1;
			};
		};
		4097EBA12EEDC4B600E9A0D9 /* XCRemoteSwiftPackageReference "SwiftSoup" */ = {
			isa = XCRemoteSwiftPackageReference;
			repositoryURL = "https://github.com/scinfu/SwiftSoup.git";
			requirement = {
				kind = upToNextMajorVersion;
				minimumVersion = 2.7.0;
			};
		};
		4097F6F42EEEDB3600E9A0D9 /* XCRemoteSwiftPackageReference "swift-package-manager-google-mobile-ads" */ = {
			isa = XCRemoteSwiftPackageReference;
			repositoryURL = "https://github.com/googleads/swift-package-manager-google-mobile-ads.git";
			requirement = {
				kind = upToNextMajorVersion;
				minimumVersion = 12.14.0;
			};
		};
		40A1B0012F0E000000000001 /* XCRemoteSwiftPackageReference "Runestone" */ = {
			isa = XCRemoteSwiftPackageReference;
			repositoryURL = "https://github.com/simonbs/Runestone.git";
			requirement = {
				kind = upToNextMajorVersion;
				minimumVersion = 0.5.0;
			};
		};
		40A1B0022F0E000000000002 /* XCRemoteSwiftPackageReference "TreeSitterLanguages" */ = {
			isa = XCRemoteSwiftPackageReference;
			repositoryURL = "https://github.com/simonbs/TreeSitterLanguages.git";
			requirement = {
				kind = upToNextMajorVersion;
				minimumVersion = 0.1.0;
			};
		};
		40BACKPORT12F14000000003 /* XCRemoteSwiftPackageReference "iOS-Backports" */ = {
			isa = XCRemoteSwiftPackageReference;
			repositoryURL = "https://github.com/superwall/iOS-Backports.git";
			requirement = {
				kind = upToNextMajorVersion;
				minimumVersion = 1.0.0;
			};
		};
/* End XCRemoteSwiftPackageReference section */

/* Begin XCSwiftPackageProductDependency section */
		407EB1132EEEDC8D00625A22 /* GoogleMobileAds */ = {
			isa = XCSwiftPackageProductDependency;
			package = 4097F6F42EEEDB3600E9A0D9 /* XCRemoteSwiftPackageReference "swift-package-manager-google-mobile-ads" */;
			productName = GoogleMobileAds;
		};
		4097EB262EEDC3C000E9A0D9 /* UAParserSwift */ = {
			isa = XCSwiftPackageProductDependency;
			package = 4097EB252EEDC3C000E9A0D9 /* XCRemoteSwiftPackageReference "UAParserSwift" */;
			productName = UAParserSwift;
		};
		4097EBA22EEDC4B600E9A0D9 /* SwiftSoup */ = {
			isa = XCSwiftPackageProductDependency;
			package = 4097EBA12EEDC4B600E9A0D9 /* XCRemoteSwiftPackageReference "SwiftSoup" */;
			productName = SwiftSoup;
		};
		40A1B0032F0E000000000003 /* Runestone */ = {
			isa = XCSwiftPackageProductDependency;
			package = 40A1B0012F0E000000000001 /* XCRemoteSwiftPackageReference "Runestone" */;
			productName = Runestone;
		};
		40A1B0042F0E000000000004 /* TreeSitterHTMLRunestone */ = {
			isa = XCSwiftPackageProductDependency;
			package = 40A1B0022F0E000000000002 /* XCRemoteSwiftPackageReference "TreeSitterLanguages" */;
			productName = TreeSitterHTMLRunestone;
		};
		40BACKPORT12F14000000002 /* SwiftUIBackports */ = {
			isa = XCSwiftPackageProductDependency;
			package = 40BACKPORT12F14000000003 /* XCRemoteSwiftPackageReference "iOS-Backports" */;
			productName = SwiftUIBackports;
		};
/* End XCSwiftPackageProductDependency section */
	};
	rootObject = 406E0D432EE4093D00D6F9C6 /* Project object */;
}
